
Microsoft Visual Studio Solution File, Format Version 12.00
# Visual Studio Version 16
VisualStudioVersion = 16.0.31702.278
MinimumVisualStudioVersion = 10.0.40219.1
Project("{FAE04EC0-301F-11D3-BF4B-00C04F79EFBC}") = "Connecterra.MergingInterval", "Connecterra.MergingInterval\Connecterra.MergingInterval.csproj", "{5658C8C7-A2C6-47F5-848A-CEA56B60C766}"
EndProject
Global
	GlobalSection(SolutionConfigurationPlatforms) = preSolution
		Debug|Any CPU = Debug|Any CPU
		Release|Any CPU = Release|Any CPU
	EndGlobalSection
	GlobalSection(ProjectConfigurationPlatforms) = postSolution
		{5658C8C7-A2C6-47F5-848A-CEA56B60C766}.Debug|Any CPU.ActiveCfg = Debug|Any CPU
		{5658C8C7-A2C6-47F5-848A-CEA56B60C766}.Debug|Any CPU.Build.0 = Debug|Any CPU
		{5658C8C7-A2C6-47F5-848A-CEA56B60C766}.Release|Any CPU.ActiveCfg = Release|Any CPU
		{5658C8C7-A2C6-47F5-848A-CEA56B60C766}.Release|Any CPU.Build.0 = Release|Any CPU
	EndGlobalSection
	GlobalSection(SolutionProperties) = preSolution
		HideSolutionNode = FALSE
	EndGlobalSection
	GlobalSection(ExtensibilityGlobals) = postSolution
		SolutionGuid = {AB0DD512-4A08-40F7-86DE-E525D592843A}
	EndGlobalSection
EndGlobal
